// !$*UTF8*$!
{
	archiveVersion = 1;
	classes = {
	};
	objectVersion = 45;
	objects = {

/* Begin PBXBuildFile section */
		1D3623260D0F684500981E51 /* SimpleGeoAppDelegate.m in Sources */ = {isa = PBXBuildFile; fileRef = 1D3623250D0F684500981E51 /* SimpleGeoAppDelegate.m */; };
		1D60589B0D05DD56006BFB54 /* main.m in Sources */ = {isa = PBXBuildFile; fileRef = 29B97316FDCFA39411CA2CEA /* main.m */; };
		1D60589F0D05DD5A006BFB54 /* Foundation.framework in Frameworks */ = {isa = PBXBuildFile; fileRef = 1D30AB110D05D00D00671497 /* Foundation.framework */; };
		1DF5F4E00D08C38300B7A737 /* UIKit.framework in Frameworks */ = {isa = PBXBuildFile; fileRef = 1DF5F4DF0D08C38300B7A737 /* UIKit.framework */; };
		288765FD0DF74451002DB57D /* CoreGraphics.framework in Frameworks */ = {isa = PBXBuildFile; fileRef = 288765FC0DF74451002DB57D /* CoreGraphics.framework */; };
		28AD733F0D9D9553002E5188 /* MainWindow.xib in Resources */ = {isa = PBXBuildFile; fileRef = 28AD733E0D9D9553002E5188 /* MainWindow.xib */; };
		5D55A61412BA9845004AE0EB /* RootNavigationController.m in Sources */ = {isa = PBXBuildFile; fileRef = 5D55A61312BA9845004AE0EB /* RootNavigationController.m */; };
		5D55A61712BA9BB1004AE0EB /* PlacesNavigationController.m in Sources */ = {isa = PBXBuildFile; fileRef = 5D55A61612BA9BB1004AE0EB /* PlacesNavigationController.m */; };
		5D55A6A012BAD92C004AE0EB /* CoreLocation.framework in Frameworks */ = {isa = PBXBuildFile; fileRef = 5D55A69F12BAD92C004AE0EB /* CoreLocation.framework */; };
		5D55A6C912BAD993004AE0EB /* CLController.m in Sources */ = {isa = PBXBuildFile; fileRef = 5D55A6C812BAD993004AE0EB /* CLController.m */; };
		5D55A7C712BB2640004AE0EB /* YAJL.framework in Frameworks */ = {isa = PBXBuildFile; fileRef = 5D55A7B912BB2640004AE0EB /* YAJL.framework */; };
		5D55A83012BC02F1004AE0EB /* libz.dylib in Frameworks */ = {isa = PBXBuildFile; fileRef = 5D55A82F12BC02F1004AE0EB /* libz.dylib */; };
		5D55A83812BC0335004AE0EB /* CFNetwork.framework in Frameworks */ = {isa = PBXBuildFile; fileRef = 5D55A83712BC0335004AE0EB /* CFNetwork.framework */; };
		5D55A83A12BC0341004AE0EB /* SystemConfiguration.framework in Frameworks */ = {isa = PBXBuildFile; fileRef = 5D55A83912BC0341004AE0EB /* SystemConfiguration.framework */; };
		5D55A83C12BC034A004AE0EB /* MobileCoreServices.framework in Frameworks */ = {isa = PBXBuildFile; fileRef = 5D55A83B12BC034A004AE0EB /* MobileCoreServices.framework */; };
		5D55A8A412BC310D004AE0EB /* SGController.m in Sources */ = {isa = PBXBuildFile; fileRef = 5D55A8A312BC310D004AE0EB /* SGController.m */; };
		5DAF7F7C12B06F5F0015D272 /* MapKit.framework in Frameworks */ = {isa = PBXBuildFile; fileRef = 5DAF7F7B12B06F5F0015D272 /* MapKit.framework */; };
		5DAF7F9B12B070B20015D272 /* ContextViewController.m in Sources */ = {isa = PBXBuildFile; fileRef = 5DAF7F9A12B070B20015D272 /* ContextViewController.m */; };
		5DAF7FBF12B081220015D272 /* PlacesListViewController.m in Sources */ = {isa = PBXBuildFile; fileRef = 5DAF7FBE12B081220015D272 /* PlacesListViewController.m */; };
		5DAF7FC212B0814C0015D272 /* PlacesMapViewController.m in Sources */ = {isa = PBXBuildFile; fileRef = 5DAF7FC112B0814C0015D272 /* PlacesMapViewController.m */; };
		5DF1004612D531DA0097CF47 /* bgGrid.png in Resources */ = {isa = PBXBuildFile; fileRef = 5DF1004512D531DA0097CF47 /* bgGrid.png */; };
		5DF1006612D5352B0097CF47 /* header@2x.png in Resources */ = {isa = PBXBuildFile; fileRef = 5DF1006512D5352B0097CF47 /* header@2x.png */; };
		5DF1006B12D5356B0097CF47 /* buttonPin@2x.png in Resources */ = {isa = PBXBuildFile; fileRef = 5DF1006712D5356B0097CF47 /* buttonPin@2x.png */; };
		5DF1006C12D5356B0097CF47 /* buttonPinDown@2x.png in Resources */ = {isa = PBXBuildFile; fileRef = 5DF1006812D5356B0097CF47 /* buttonPinDown@2x.png */; };
		5DF1006D12D5356B0097CF47 /* buttonSearch@2x.png in Resources */ = {isa = PBXBuildFile; fileRef = 5DF1006912D5356B0097CF47 /* buttonSearch@2x.png */; };
		5DF1006E12D5356B0097CF47 /* buttonSearchDown@2x.png in Resources */ = {isa = PBXBuildFile; fileRef = 5DF1006A12D5356B0097CF47 /* buttonSearchDown@2x.png */; };
		5DF1007912D53AE30097CF47 /* buttonPin.png in Resources */ = {isa = PBXBuildFile; fileRef = 5DF1007512D53AE30097CF47 /* buttonPin.png */; };
		5DF1007A12D53AE30097CF47 /* buttonPinDown.png in Resources */ = {isa = PBXBuildFile; fileRef = 5DF1007612D53AE30097CF47 /* buttonPinDown.png */; };
		5DF1007B12D53AE30097CF47 /* buttonSearch.png in Resources */ = {isa = PBXBuildFile; fileRef = 5DF1007712D53AE30097CF47 /* buttonSearch.png */; };
		5DF1007C12D53AE30097CF47 /* buttonSearchDown.png in Resources */ = {isa = PBXBuildFile; fileRef = 5DF1007812D53AE30097CF47 /* buttonSearchDown.png */; };
		5DF1008412D53B0E0097CF47 /* header.png in Resources */ = {isa = PBXBuildFile; fileRef = 5DF1008312D53B0E0097CF47 /* header.png */; };
		5DF1008D12D541F20097CF47 /* blurb.png in Resources */ = {isa = PBXBuildFile; fileRef = 5DF1008B12D541F20097CF47 /* blurb.png */; };
		5DF1008E12D541F20097CF47 /* blurb@2x.png in Resources */ = {isa = PBXBuildFile; fileRef = 5DF1008C12D541F20097CF47 /* blurb@2x.png */; };
		5DF100A712D544D40097CF47 /* listActive.png in Resources */ = {isa = PBXBuildFile; fileRef = 5DF100A312D544D40097CF47 /* listActive.png */; };
		5DF100A812D544D40097CF47 /* listActive@2x.png in Resources */ = {isa = PBXBuildFile; fileRef = 5DF100A412D544D40097CF47 /* listActive@2x.png */; };
		5DF100A912D544D40097CF47 /* mapInactive.png in Resources */ = {isa = PBXBuildFile; fileRef = 5DF100A512D544D40097CF47 /* mapInactive.png */; };
		5DF100AA12D544D40097CF47 /* mapInactive@2x.png in Resources */ = {isa = PBXBuildFile; fileRef = 5DF100A612D544D40097CF47 /* mapInactive@2x.png */; };
		5DF100B312D548B10097CF47 /* listInactive.png in Resources */ = {isa = PBXBuildFile; fileRef = 5DF100AF12D548B10097CF47 /* listInactive.png */; };
		5DF100B412D548B10097CF47 /* listInactive@2x.png in Resources */ = {isa = PBXBuildFile; fileRef = 5DF100B012D548B10097CF47 /* listInactive@2x.png */; };
		5DF100B512D548B10097CF47 /* mapActive.png in Resources */ = {isa = PBXBuildFile; fileRef = 5DF100B112D548B10097CF47 /* mapActive.png */; };
		5DF100B612D548B10097CF47 /* mapActive@2x.png in Resources */ = {isa = PBXBuildFile; fileRef = 5DF100B212D548B10097CF47 /* mapActive@2x.png */; };
		5DF100F912D57BEE0097CF47 /* compass.png in Resources */ = {isa = PBXBuildFile; fileRef = 5DF100F812D57BEE0097CF47 /* compass.png */; };
		5DF1FF7412D515040097CF47 /* ContextTVCell.xib in Resources */ = {isa = PBXBuildFile; fileRef = 5DF1FF7312D515040097CF47 /* ContextTVCell.xib */; };
		5DF1FFED12D524980097CF47 /* bgGrid@2x.png in Resources */ = {isa = PBXBuildFile; fileRef = 5DF1FFEC12D524980097CF47 /* bgGrid@2x.png */; };
		5DF651A412D66EDB00664279 /* PlacesTVCell.xib in Resources */ = {isa = PBXBuildFile; fileRef = 5DF651A312D66EDB00664279 /* PlacesTVCell.xib */; };
		5DF6537E12D7B32600664279 /* SimpleGeo.framework in Frameworks */ = {isa = PBXBuildFile; fileRef = 5DF6537D12D7B32600664279 /* SimpleGeo.framework */; };
		5DF654C212DB8D1C00664279 /* compass_57.png in Resources */ = {isa = PBXBuildFile; fileRef = 5DF654C112DB8D1C00664279 /* compass_57.png */; };
/* End PBXBuildFile section */

/* Begin PBXFileReference section */
		1D30AB110D05D00D00671497 /* Foundation.framework */ = {isa = PBXFileReference; lastKnownFileType = wrapper.framework; name = Foundation.framework; path = System/Library/Frameworks/Foundation.framework; sourceTree = SDKROOT; };
		1D3623240D0F684500981E51 /* SimpleGeoAppDelegate.h */ = {isa = PBXFileReference; fileEncoding = 4; lastKnownFileType = sourcecode.c.h; path = SimpleGeoAppDelegate.h; sourceTree = "<group>"; };
		1D3623250D0F684500981E51 /* SimpleGeoAppDelegate.m */ = {isa = PBXFileReference; fileEncoding = 4; lastKnownFileType = sourcecode.c.objc; path = SimpleGeoAppDelegate.m; sourceTree = "<group>"; };
		1D6058910D05DD3D006BFB54 /* SimpleGeo.app */ = {isa = PBXFileReference; explicitFileType = wrapper.application; includeInIndex = 0; path = SimpleGeo.app; sourceTree = BUILT_PRODUCTS_DIR; };
		1DF5F4DF0D08C38300B7A737 /* UIKit.framework */ = {isa = PBXFileReference; lastKnownFileType = wrapper.framework; name = UIKit.framework; path = System/Library/Frameworks/UIKit.framework; sourceTree = SDKROOT; };
		288765FC0DF74451002DB57D /* CoreGraphics.framework */ = {isa = PBXFileReference; lastKnownFileType = wrapper.framework; name = CoreGraphics.framework; path = System/Library/Frameworks/CoreGraphics.framework; sourceTree = SDKROOT; };
		28AD733E0D9D9553002E5188 /* MainWindow.xib */ = {isa = PBXFileReference; lastKnownFileType = file.xib; path = MainWindow.xib; sourceTree = "<group>"; };
		29B97316FDCFA39411CA2CEA /* main.m */ = {isa = PBXFileReference; fileEncoding = 4; lastKnownFileType = sourcecode.c.objc; path = main.m; sourceTree = "<group>"; };
		32CA4F630368D1EE00C91783 /* SimpleGeo_Prefix.pch */ = {isa = PBXFileReference; fileEncoding = 4; lastKnownFileType = sourcecode.c.h; path = SimpleGeo_Prefix.pch; sourceTree = "<group>"; };
		5D55A61212BA9845004AE0EB /* RootNavigationController.h */ = {isa = PBXFileReference; fileEncoding = 4; lastKnownFileType = sourcecode.c.h; path = RootNavigationController.h; sourceTree = "<group>"; };
		5D55A61312BA9845004AE0EB /* RootNavigationController.m */ = {isa = PBXFileReference; fileEncoding = 4; lastKnownFileType = sourcecode.c.objc; path = RootNavigationController.m; sourceTree = "<group>"; };
		5D55A61512BA9BB1004AE0EB /* PlacesNavigationController.h */ = {isa = PBXFileReference; fileEncoding = 4; lastKnownFileType = sourcecode.c.h; path = PlacesNavigationController.h; sourceTree = "<group>"; };
		5D55A61612BA9BB1004AE0EB /* PlacesNavigationController.m */ = {isa = PBXFileReference; fileEncoding = 4; lastKnownFileType = sourcecode.c.objc; path = PlacesNavigationController.m; sourceTree = "<group>"; };
		5D55A69F12BAD92C004AE0EB /* CoreLocation.framework */ = {isa = PBXFileReference; lastKnownFileType = wrapper.framework; name = CoreLocation.framework; path = System/Library/Frameworks/CoreLocation.framework; sourceTree = SDKROOT; };
		5D55A6C712BAD993004AE0EB /* CLController.h */ = {isa = PBXFileReference; fileEncoding = 4; lastKnownFileType = sourcecode.c.h; path = CLController.h; sourceTree = "<group>"; };
		5D55A6C812BAD993004AE0EB /* CLController.m */ = {isa = PBXFileReference; fileEncoding = 4; lastKnownFileType = sourcecode.c.objc; path = CLController.m; sourceTree = "<group>"; };
		5D55A7B912BB2640004AE0EB /* YAJL.framework */ = {isa = PBXFileReference; lastKnownFileType = wrapper.framework; path = YAJL.framework; sourceTree = "<group>"; };
		5D55A82F12BC02F1004AE0EB /* libz.dylib */ = {isa = PBXFileReference; lastKnownFileType = "compiled.mach-o.dylib"; name = libz.dylib; path = usr/lib/libz.dylib; sourceTree = SDKROOT; };
		5D55A83712BC0335004AE0EB /* CFNetwork.framework */ = {isa = PBXFileReference; lastKnownFileType = wrapper.framework; name = CFNetwork.framework; path = System/Library/Frameworks/CFNetwork.framework; sourceTree = SDKROOT; };
		5D55A83912BC0341004AE0EB /* SystemConfiguration.framework */ = {isa = PBXFileReference; lastKnownFileType = wrapper.framework; name = SystemConfiguration.framework; path = System/Library/Frameworks/SystemConfiguration.framework; sourceTree = SDKROOT; };
		5D55A83B12BC034A004AE0EB /* MobileCoreServices.framework */ = {isa = PBXFileReference; lastKnownFileType = wrapper.framework; name = MobileCoreServices.framework; path = System/Library/Frameworks/MobileCoreServices.framework; sourceTree = SDKROOT; };
		5D55A8A212BC310D004AE0EB /* SGController.h */ = {isa = PBXFileReference; fileEncoding = 4; lastKnownFileType = sourcecode.c.h; path = SGController.h; sourceTree = "<group>"; };
		5D55A8A312BC310D004AE0EB /* SGController.m */ = {isa = PBXFileReference; fileEncoding = 4; lastKnownFileType = sourcecode.c.objc; path = SGController.m; sourceTree = "<group>"; };
		5DAF7F7B12B06F5F0015D272 /* MapKit.framework */ = {isa = PBXFileReference; lastKnownFileType = wrapper.framework; name = MapKit.framework; path = System/Library/Frameworks/MapKit.framework; sourceTree = SDKROOT; };
		5DAF7F9912B070B20015D272 /* ContextViewController.h */ = {isa = PBXFileReference; fileEncoding = 4; lastKnownFileType = sourcecode.c.h; path = ContextViewController.h; sourceTree = "<group>"; };
		5DAF7F9A12B070B20015D272 /* ContextViewController.m */ = {isa = PBXFileReference; fileEncoding = 4; lastKnownFileType = sourcecode.c.objc; path = ContextViewController.m; sourceTree = "<group>"; };
		5DAF7FBD12B081220015D272 /* PlacesListViewController.h */ = {isa = PBXFileReference; fileEncoding = 4; lastKnownFileType = sourcecode.c.h; path = PlacesListViewController.h; sourceTree = "<group>"; };
		5DAF7FBE12B081220015D272 /* PlacesListViewController.m */ = {isa = PBXFileReference; fileEncoding = 4; lastKnownFileType = sourcecode.c.objc; path = PlacesListViewController.m; sourceTree = "<group>"; };
		5DAF7FC012B0814C0015D272 /* PlacesMapViewController.h */ = {isa = PBXFileReference; fileEncoding = 4; lastKnownFileType = sourcecode.c.h; path = PlacesMapViewController.h; sourceTree = "<group>"; };
		5DAF7FC112B0814C0015D272 /* PlacesMapViewController.m */ = {isa = PBXFileReference; fileEncoding = 4; lastKnownFileType = sourcecode.c.objc; path = PlacesMapViewController.m; sourceTree = "<group>"; };
		5DF1004512D531DA0097CF47 /* bgGrid.png */ = {isa = PBXFileReference; lastKnownFileType = image.png; name = bgGrid.png; path = Assets/bgGrid.png; sourceTree = "<group>"; };
		5DF1006512D5352B0097CF47 /* header@2x.png */ = {isa = PBXFileReference; lastKnownFileType = image.png; name = "header@2x.png"; path = "Assets/header@2x.png"; sourceTree = "<group>"; };
		5DF1006712D5356B0097CF47 /* buttonPin@2x.png */ = {isa = PBXFileReference; lastKnownFileType = image.png; name = "buttonPin@2x.png"; path = "Assets/buttonPin@2x.png"; sourceTree = "<group>"; };
		5DF1006812D5356B0097CF47 /* buttonPinDown@2x.png */ = {isa = PBXFileReference; lastKnownFileType = image.png; name = "buttonPinDown@2x.png"; path = "Assets/buttonPinDown@2x.png"; sourceTree = "<group>"; };
		5DF1006912D5356B0097CF47 /* buttonSearch@2x.png */ = {isa = PBXFileReference; lastKnownFileType = image.png; name = "buttonSearch@2x.png"; path = "Assets/buttonSearch@2x.png"; sourceTree = "<group>"; };
		5DF1006A12D5356B0097CF47 /* buttonSearchDown@2x.png */ = {isa = PBXFileReference; lastKnownFileType = image.png; name = "buttonSearchDown@2x.png"; path = "Assets/buttonSearchDown@2x.png"; sourceTree = "<group>"; };
		5DF1007512D53AE30097CF47 /* buttonPin.png */ = {isa = PBXFileReference; lastKnownFileType = image.png; name = buttonPin.png; path = Assets/buttonPin.png; sourceTree = "<group>"; };
		5DF1007612D53AE30097CF47 /* buttonPinDown.png */ = {isa = PBXFileReference; lastKnownFileType = image.png; name = buttonPinDown.png; path = Assets/buttonPinDown.png; sourceTree = "<group>"; };
		5DF1007712D53AE30097CF47 /* buttonSearch.png */ = {isa = PBXFileReference; lastKnownFileType = image.png; name = buttonSearch.png; path = Assets/buttonSearch.png; sourceTree = "<group>"; };
		5DF1007812D53AE30097CF47 /* buttonSearchDown.png */ = {isa = PBXFileReference; lastKnownFileType = image.png; name = buttonSearchDown.png; path = Assets/buttonSearchDown.png; sourceTree = "<group>"; };
		5DF1008312D53B0E0097CF47 /* header.png */ = {isa = PBXFileReference; lastKnownFileType = image.png; name = header.png; path = Assets/header.png; sourceTree = "<group>"; };
		5DF1008B12D541F20097CF47 /* blurb.png */ = {isa = PBXFileReference; lastKnownFileType = image.png; name = blurb.png; path = Assets/blurb.png; sourceTree = "<group>"; };
		5DF1008C12D541F20097CF47 /* blurb@2x.png */ = {isa = PBXFileReference; lastKnownFileType = image.png; name = "blurb@2x.png"; path = "Assets/blurb@2x.png"; sourceTree = "<group>"; };
		5DF100A312D544D40097CF47 /* listActive.png */ = {isa = PBXFileReference; lastKnownFileType = image.png; name = listActive.png; path = Assets/listActive.png; sourceTree = "<group>"; };
		5DF100A412D544D40097CF47 /* listActive@2x.png */ = {isa = PBXFileReference; lastKnownFileType = image.png; name = "listActive@2x.png"; path = "Assets/listActive@2x.png"; sourceTree = "<group>"; };
		5DF100A512D544D40097CF47 /* mapInactive.png */ = {isa = PBXFileReference; lastKnownFileType = image.png; name = mapInactive.png; path = Assets/mapInactive.png; sourceTree = "<group>"; };
		5DF100A612D544D40097CF47 /* mapInactive@2x.png */ = {isa = PBXFileReference; lastKnownFileType = image.png; name = "mapInactive@2x.png"; path = "Assets/mapInactive@2x.png"; sourceTree = "<group>"; };
		5DF100AF12D548B10097CF47 /* listInactive.png */ = {isa = PBXFileReference; lastKnownFileType = image.png; name = listInactive.png; path = Assets/listInactive.png; sourceTree = "<group>"; };
		5DF100B012D548B10097CF47 /* listInactive@2x.png */ = {isa = PBXFileReference; lastKnownFileType = image.png; name = "listInactive@2x.png"; path = "Assets/listInactive@2x.png"; sourceTree = "<group>"; };
		5DF100B112D548B10097CF47 /* mapActive.png */ = {isa = PBXFileReference; lastKnownFileType = image.png; name = mapActive.png; path = Assets/mapActive.png; sourceTree = "<group>"; };
		5DF100B212D548B10097CF47 /* mapActive@2x.png */ = {isa = PBXFileReference; lastKnownFileType = image.png; name = "mapActive@2x.png"; path = "Assets/mapActive@2x.png"; sourceTree = "<group>"; };
		5DF100F812D57BEE0097CF47 /* compass.png */ = {isa = PBXFileReference; lastKnownFileType = image.png; name = compass.png; path = Assets/compass.png; sourceTree = "<group>"; };
		5DF1FF7312D515040097CF47 /* ContextTVCell.xib */ = {isa = PBXFileReference; lastKnownFileType = file.xib; path = ContextTVCell.xib; sourceTree = "<group>"; };
		5DF1FFEC12D524980097CF47 /* bgGrid@2x.png */ = {isa = PBXFileReference; lastKnownFileType = image.png; name = "bgGrid@2x.png"; path = "Assets/bgGrid@2x.png"; sourceTree = "<group>"; };
		5DF651A312D66EDB00664279 /* PlacesTVCell.xib */ = {isa = PBXFileReference; lastKnownFileType = file.xib; path = PlacesTVCell.xib; sourceTree = "<group>"; };
		5DF6537D12D7B32600664279 /* SimpleGeo.framework */ = {isa = PBXFileReference; lastKnownFileType = wrapper.framework; path = SimpleGeo.framework; sourceTree = "<group>"; };
		5DF654C112DB8D1C00664279 /* compass_57.png */ = {isa = PBXFileReference; lastKnownFileType = image.png; name = compass_57.png; path = Assets/compass_57.png; sourceTree = "<group>"; };
		5DF654CF12DB91A300664279 /* Entitlements.plist */ = {isa = PBXFileReference; fileEncoding = 4; lastKnownFileType = text.plist.xml; path = Entitlements.plist; sourceTree = "<group>"; };
		8D1107310486CEB800E47090 /* SimpleGeo-Info.plist */ = {isa = PBXFileReference; fileEncoding = 4; lastKnownFileType = text.plist.xml; path = "SimpleGeo-Info.plist"; plistStructureDefinitionIdentifier = "com.apple.xcode.plist.structure-definition.iphone.info-plist"; sourceTree = "<group>"; };
/* End PBXFileReference section */

/* Begin PBXFrameworksBuildPhase section */
		1D60588F0D05DD3D006BFB54 /* Frameworks */ = {
			isa = PBXFrameworksBuildPhase;
			buildActionMask = 2147483647;
			files = (
				1D60589F0D05DD5A006BFB54 /* Foundation.framework in Frameworks */,
				1DF5F4E00D08C38300B7A737 /* UIKit.framework in Frameworks */,
				288765FD0DF74451002DB57D /* CoreGraphics.framework in Frameworks */,
				5DAF7F7C12B06F5F0015D272 /* MapKit.framework in Frameworks */,
				5D55A6A012BAD92C004AE0EB /* CoreLocation.framework in Frameworks */,
				5D55A7C712BB2640004AE0EB /* YAJL.framework in Frameworks */,
				5D55A83012BC02F1004AE0EB /* libz.dylib in Frameworks */,
				5D55A83812BC0335004AE0EB /* CFNetwork.framework in Frameworks */,
				5D55A83A12BC0341004AE0EB /* SystemConfiguration.framework in Frameworks */,
				5D55A83C12BC034A004AE0EB /* MobileCoreServices.framework in Frameworks */,
				5DF6537E12D7B32600664279 /* SimpleGeo.framework in Frameworks */,
			);
			runOnlyForDeploymentPostprocessing = 0;
		};
/* End PBXFrameworksBuildPhase section */

/* Begin PBXGroup section */
		080E96DDFE201D6D7F000001 /* Classes */ = {
			isa = PBXGroup;
			children = (
				1D3623240D0F684500981E51 /* SimpleGeoAppDelegate.h */,
				1D3623250D0F684500981E51 /* SimpleGeoAppDelegate.m */,
				5DAF7F9912B070B20015D272 /* ContextViewController.h */,
				5DAF7F9A12B070B20015D272 /* ContextViewController.m */,
				5DAF7FC012B0814C0015D272 /* PlacesMapViewController.h */,
				5DAF7FC112B0814C0015D272 /* PlacesMapViewController.m */,
				5DAF7FBD12B081220015D272 /* PlacesListViewController.h */,
				5DAF7FBE12B081220015D272 /* PlacesListViewController.m */,
				5D55A61212BA9845004AE0EB /* RootNavigationController.h */,
				5D55A61312BA9845004AE0EB /* RootNavigationController.m */,
				5D55A61512BA9BB1004AE0EB /* PlacesNavigationController.h */,
				5D55A61612BA9BB1004AE0EB /* PlacesNavigationController.m */,
				5D55A6C712BAD993004AE0EB /* CLController.h */,
				5D55A6C812BAD993004AE0EB /* CLController.m */,
				5D55A8A212BC310D004AE0EB /* SGController.h */,
				5D55A8A312BC310D004AE0EB /* SGController.m */,
			);
			path = Classes;
			sourceTree = "<group>";
		};
		19C28FACFE9D520D11CA2CBB /* Products */ = {
			isa = PBXGroup;
			children = (
				1D6058910D05DD3D006BFB54 /* SimpleGeo.app */,
			);
			name = Products;
			sourceTree = "<group>";
		};
		29B97314FDCFA39411CA2CEA /* CustomTemplate */ = {
			isa = PBXGroup;
			children = (
				080E96DDFE201D6D7F000001 /* Classes */,
				29B97315FDCFA39411CA2CEA /* Other Sources */,
				29B97317FDCFA39411CA2CEA /* Resources */,
				5D55A79712BB2640004AE0EB /* ext */,
				29B97323FDCFA39411CA2CEA /* Frameworks */,
				19C28FACFE9D520D11CA2CBB /* Products */,
			);
			name = CustomTemplate;
			sourceTree = "<group>";
		};
		29B97315FDCFA39411CA2CEA /* Other Sources */ = {
			isa = PBXGroup;
			children = (
				32CA4F630368D1EE00C91783 /* SimpleGeo_Prefix.pch */,
				29B97316FDCFA39411CA2CEA /* main.m */,
			);
			name = "Other Sources";
			sourceTree = "<group>";
		};
		29B97317FDCFA39411CA2CEA /* Resources */ = {
			isa = PBXGroup;
			children = (
				5DF1FFEA12D5248F0097CF47 /* Images */,
				5DF100FF12D57C550097CF47 /* Icons */,
				28AD733E0D9D9553002E5188 /* MainWindow.xib */,
				8D1107310486CEB800E47090 /* SimpleGeo-Info.plist */,
				5DF1FF7312D515040097CF47 /* ContextTVCell.xib */,
				5DF651A312D66EDB00664279 /* PlacesTVCell.xib */,
				5DF654CF12DB91A300664279 /* Entitlements.plist */,
			);
			name = Resources;
			sourceTree = "<group>";
		};
		29B97323FDCFA39411CA2CEA /* Frameworks */ = {
			isa = PBXGroup;
			children = (
				1DF5F4DF0D08C38300B7A737 /* UIKit.framework */,
				1D30AB110D05D00D00671497 /* Foundation.framework */,
				288765FC0DF74451002DB57D /* CoreGraphics.framework */,
				5DAF7F7B12B06F5F0015D272 /* MapKit.framework */,
				5D55A69F12BAD92C004AE0EB /* CoreLocation.framework */,
				5D55A82F12BC02F1004AE0EB /* libz.dylib */,
				5D55A83712BC0335004AE0EB /* CFNetwork.framework */,
				5D55A83B12BC034A004AE0EB /* MobileCoreServices.framework */,
				5D55A83912BC0341004AE0EB /* SystemConfiguration.framework */,
			);
			name = Frameworks;
			sourceTree = "<group>";
		};
		5D55A79712BB2640004AE0EB /* ext */ = {
			isa = PBXGroup;
			children = (
				5DF6537D12D7B32600664279 /* SimpleGeo.framework */,
				5D55A7B912BB2640004AE0EB /* YAJL.framework */,
			);
			path = ext;
			sourceTree = "<group>";
		};
		5DF100FF12D57C550097CF47 /* Icons */ = {
			isa = PBXGroup;
			children = (
				5DF654C112DB8D1C00664279 /* compass_57.png */,
				5DF100F812D57BEE0097CF47 /* compass.png */,
			);
			name = Icons;
			sourceTree = "<group>";
		};
		5DF1FFEA12D5248F0097CF47 /* Images */ = {
			isa = PBXGroup;
			children = (
				5DF1004512D531DA0097CF47 /* bgGrid.png */,
				5DF1FFEC12D524980097CF47 /* bgGrid@2x.png */,
				5DF1008B12D541F20097CF47 /* blurb.png */,
				5DF1008C12D541F20097CF47 /* blurb@2x.png */,
				5DF1007512D53AE30097CF47 /* buttonPin.png */,
				5DF1006712D5356B0097CF47 /* buttonPin@2x.png */,
				5DF1007612D53AE30097CF47 /* buttonPinDown.png */,
				5DF1006812D5356B0097CF47 /* buttonPinDown@2x.png */,
				5DF1007712D53AE30097CF47 /* buttonSearch.png */,
				5DF1006912D5356B0097CF47 /* buttonSearch@2x.png */,
				5DF1007812D53AE30097CF47 /* buttonSearchDown.png */,
				5DF1006A12D5356B0097CF47 /* buttonSearchDown@2x.png */,
				5DF1008312D53B0E0097CF47 /* header.png */,
				5DF1006512D5352B0097CF47 /* header@2x.png */,
				5DF100A312D544D40097CF47 /* listActive.png */,
				5DF100A412D544D40097CF47 /* listActive@2x.png */,
				5DF100AF12D548B10097CF47 /* listInactive.png */,
				5DF100B012D548B10097CF47 /* listInactive@2x.png */,
				5DF100B112D548B10097CF47 /* mapActive.png */,
				5DF100B212D548B10097CF47 /* mapActive@2x.png */,
				5DF100A512D544D40097CF47 /* mapInactive.png */,
				5DF100A612D544D40097CF47 /* mapInactive@2x.png */,
			);
			name = Images;
			sourceTree = "<group>";
		};
/* End PBXGroup section */

/* Begin PBXNativeTarget section */
		1D6058900D05DD3D006BFB54 /* SimpleGeo */ = {
			isa = PBXNativeTarget;
			buildConfigurationList = 1D6058960D05DD3E006BFB54 /* Build configuration list for PBXNativeTarget "SimpleGeo" */;
			buildPhases = (
				1D60588D0D05DD3D006BFB54 /* Resources */,
				1D60588E0D05DD3D006BFB54 /* Sources */,
				1D60588F0D05DD3D006BFB54 /* Frameworks */,
			);
			buildRules = (
			);
			dependencies = (
			);
			name = SimpleGeo;
			productName = SimpleGeo;
			productReference = 1D6058910D05DD3D006BFB54 /* SimpleGeo.app */;
			productType = "com.apple.product-type.application";
		};
/* End PBXNativeTarget section */

/* Begin PBXProject section */
		29B97313FDCFA39411CA2CEA /* Project object */ = {
			isa = PBXProject;
			buildConfigurationList = C01FCF4E08A954540054247B /* Build configuration list for PBXProject "SimpleGeo" */;
			compatibilityVersion = "Xcode 3.1";
			developmentRegion = English;
			hasScannedForEncodings = 1;
			knownRegions = (
				English,
				Japanese,
				French,
				German,
			);
			mainGroup = 29B97314FDCFA39411CA2CEA /* CustomTemplate */;
			projectDirPath = "";
			projectRoot = "";
			targets = (
				1D6058900D05DD3D006BFB54 /* SimpleGeo */,
			);
		};
/* End PBXProject section */

/* Begin PBXResourcesBuildPhase section */
		1D60588D0D05DD3D006BFB54 /* Resources */ = {
			isa = PBXResourcesBuildPhase;
			buildActionMask = 2147483647;
			files = (
				28AD733F0D9D9553002E5188 /* MainWindow.xib in Resources */,
				5DF1FF7412D515040097CF47 /* ContextTVCell.xib in Resources */,
				5DF1FFED12D524980097CF47 /* bgGrid@2x.png in Resources */,
				5DF1004612D531DA0097CF47 /* bgGrid.png in Resources */,
				5DF1006612D5352B0097CF47 /* header@2x.png in Resources */,
				5DF1006B12D5356B0097CF47 /* buttonPin@2x.png in Resources */,
				5DF1006C12D5356B0097CF47 /* buttonPinDown@2x.png in Resources */,
				5DF1006D12D5356B0097CF47 /* buttonSearch@2x.png in Resources */,
				5DF1006E12D5356B0097CF47 /* buttonSearchDown@2x.png in Resources */,
				5DF1007912D53AE30097CF47 /* buttonPin.png in Resources */,
				5DF1007A12D53AE30097CF47 /* buttonPinDown.png in Resources */,
				5DF1007B12D53AE30097CF47 /* buttonSearch.png in Resources */,
				5DF1007C12D53AE30097CF47 /* buttonSearchDown.png in Resources */,
				5DF1008412D53B0E0097CF47 /* header.png in Resources */,
				5DF1008D12D541F20097CF47 /* blurb.png in Resources */,
				5DF1008E12D541F20097CF47 /* blurb@2x.png in Resources */,
				5DF100A712D544D40097CF47 /* listActive.png in Resources */,
				5DF100A812D544D40097CF47 /* listActive@2x.png in Resources */,
				5DF100A912D544D40097CF47 /* mapInactive.png in Resources */,
				5DF100AA12D544D40097CF47 /* mapInactive@2x.png in Resources */,
				5DF100B312D548B10097CF47 /* listInactive.png in Resources */,
				5DF100B412D548B10097CF47 /* listInactive@2x.png in Resources */,
				5DF100B512D548B10097CF47 /* mapActive.png in Resources */,
				5DF100B612D548B10097CF47 /* mapActive@2x.png in Resources */,
				5DF100F912D57BEE0097CF47 /* compass.png in Resources */,
				5DF651A412D66EDB00664279 /* PlacesTVCell.xib in Resources */,
				5DF654C212DB8D1C00664279 /* compass_57.png in Resources */,
			);
			runOnlyForDeploymentPostprocessing = 0;
		};
/* End PBXResourcesBuildPhase section */

/* Begin PBXSourcesBuildPhase section */
		1D60588E0D05DD3D006BFB54 /* Sources */ = {
			isa = PBXSourcesBuildPhase;
			buildActionMask = 2147483647;
			files = (
				1D60589B0D05DD56006BFB54 /* main.m in Sources */,
				1D3623260D0F684500981E51 /* SimpleGeoAppDelegate.m in Sources */,
				5DAF7F9B12B070B20015D272 /* ContextViewController.m in Sources */,
				5DAF7FBF12B081220015D272 /* PlacesListViewController.m in Sources */,
				5DAF7FC212B0814C0015D272 /* PlacesMapViewController.m in Sources */,
				5D55A61412BA9845004AE0EB /* RootNavigationController.m in Sources */,
				5D55A61712BA9BB1004AE0EB /* PlacesNavigationController.m in Sources */,
				5D55A6C912BAD993004AE0EB /* CLController.m in Sources */,
				5D55A8A412BC310D004AE0EB /* SGController.m in Sources */,
			);
			runOnlyForDeploymentPostprocessing = 0;
		};
/* End PBXSourcesBuildPhase section */

/* Begin XCBuildConfiguration section */
		1D6058940D05DD3E006BFB54 /* Debug */ = {
			isa = XCBuildConfiguration;
			buildSettings = {
				ALWAYS_SEARCH_USER_PATHS = NO;
				CODE_SIGN_ENTITLEMENTS = Entitlements.plist;
				COPY_PHASE_STRIP = NO;
				FRAMEWORK_SEARCH_PATHS = (
					"$(inherited)",
					"\"$(SRCROOT)/ext\"",
				);
				GCC_DYNAMIC_NO_PIC = NO;
				GCC_OPTIMIZATION_LEVEL = 0;
				GCC_PRECOMPILE_PREFIX_HEADER = YES;
				GCC_PREFIX_HEADER = SimpleGeo_Prefix.pch;
				INFOPLIST_FILE = "SimpleGeo-Info.plist";
				OTHER_LDFLAGS = (
					"-ObjC",
					"-all_load",
				);
				PRODUCT_NAME = SimpleGeo;
			};
			name = Debug;
		};
		1D6058950D05DD3E006BFB54 /* Release */ = {
			isa = XCBuildConfiguration;
			buildSettings = {
				ALWAYS_SEARCH_USER_PATHS = NO;
				CODE_SIGN_ENTITLEMENTS = Entitlements.plist;
				COPY_PHASE_STRIP = YES;
				FRAMEWORK_SEARCH_PATHS = (
					"$(inherited)",
					"\"$(SRCROOT)/ext\"",
				);
				GCC_PRECOMPILE_PREFIX_HEADER = YES;
				GCC_PREFIX_HEADER = SimpleGeo_Prefix.pch;
				INFOPLIST_FILE = "SimpleGeo-Info.plist";
				OTHER_LDFLAGS = (
					"-ObjC",
					"-all_load",
				);
				PRODUCT_NAME = SimpleGeo;
				VALIDATE_PRODUCT = YES;
			};
			name = Release;
		};
		C01FCF4F08A954540054247B /* Debug */ = {
			isa = XCBuildConfiguration;
			buildSettings = {
				ARCHS = "$(ARCHS_STANDARD_32_BIT)";
				"CODE_SIGN_IDENTITY[sdk=iphoneos*]" = "iPhone Developer";
				GCC_C_LANGUAGE_STANDARD = c99;
				GCC_WARN_ABOUT_RETURN_TYPE = YES;
				GCC_WARN_UNUSED_VARIABLE = YES;
				PREBINDING = NO;
				SDKROOT = iphoneos;
			};
			name = Debug;
		};
		C01FCF5008A954540054247B /* Release */ = {
			isa = XCBuildConfiguration;
			buildSettings = {
				ARCHS = "$(ARCHS_STANDARD_32_BIT)";
				"CODE_SIGN_IDENTITY[sdk=iphoneos*]" = "iPhone Developer";
				GCC_C_LANGUAGE_STANDARD = c99;
				GCC_WARN_ABOUT_RETURN_TYPE = YES;
				GCC_WARN_UNUSED_VARIABLE = YES;
				OTHER_CFLAGS = "-DNS_BLOCK_ASSERTIONS=1";
				PREBINDING = NO;
				SDKROOT = iphoneos;
			};
			name = Release;
		};
/* End XCBuildConfiguration section */

/* Begin XCConfigurationList section */
		1D6058960D05DD3E006BFB54 /* Build configuration list for PBXNativeTarget "SimpleGeo" */ = {
			isa = XCConfigurationList;
			buildConfigurations = (
				1D6058940D05DD3E006BFB54 /* Debug */,
				1D6058950D05DD3E006BFB54 /* Release */,
			);
			defaultConfigurationIsVisible = 0;
			defaultConfigurationName = Release;
		};
		C01FCF4E08A954540054247B /* Build configuration list for PBXProject "SimpleGeo" */ = {
			isa = XCConfigurationList;
			buildConfigurations = (
				C01FCF4F08A954540054247B /* Debug */,
				C01FCF5008A954540054247B /* Release */,
			);
			defaultConfigurationIsVisible = 0;
			defaultConfigurationName = Release;
		};
/* End XCConfigurationList section */
	};
	rootObject = 29B97313FDCFA39411CA2CEA /* Project object */;
}
