// !$*UTF8*$!
{
	archiveVersion = 1;
	classes = {
	};
	objectVersion = 45;
	objects = {

/* Begin PBXBuildFile section */
		1D3623260D0F684500981E51 /* SimpleGeoAppDelegate.m in Sources */ = {isa = PBXBuildFile; fileRef = 1D3623250D0F684500981E51 /* SimpleGeoAppDelegate.m */; };
		1D60589B0D05DD56006BFB54 /* main.m in Sources */ = {isa = PBXBuildFile; fileRef = 29B97316FDCFA39411CA2CEA /* main.m */; };
		1D60589F0D05DD5A006BFB54 /* Foundation.framework in Frameworks */ = {isa = PBXBuildFile; fileRef = 1D30AB110D05D00D00671497 /* Foundation.framework */; };
		1DF5F4E00D08C38300B7A737 /* UIKit.framework in Frameworks */ = {isa = PBXBuildFile; fileRef = 1DF5F4DF0D08C38300B7A737 /* UIKit.framework */; };
		288765FD0DF74451002DB57D /* CoreGraphics.framework in Frameworks */ = {isa = PBXBuildFile; fileRef = 288765FC0DF74451002DB57D /* CoreGraphics.framework */; };
		28AD733F0D9D9553002E5188 /* MainWindow.xib in Resources */ = {isa = PBXBuildFile; fileRef = 28AD733E0D9D9553002E5188 /* MainWindow.xib */; };
		5D55A61412BA9845004AE0EB /* RootNavigationController.m in Sources */ = {isa = PBXBuildFile; fileRef = 5D55A61312BA9845004AE0EB /* RootNavigationController.m */; };
		5D55A61712BA9BB1004AE0EB /* PlacesNavigationController.m in Sources */ = {isa = PBXBuildFile; fileRef = 5D55A61612BA9BB1004AE0EB /* PlacesNavigationController.m */; };
		5D55A6A012BAD92C004AE0EB /* CoreLocation.framework in Frameworks */ = {isa = PBXBuildFile; fileRef = 5D55A69F12BAD92C004AE0EB /* CoreLocation.framework */; };
		5D55A6C912BAD993004AE0EB /* CLController.m in Sources */ = {isa = PBXBuildFile; fileRef = 5D55A6C812BAD993004AE0EB /* CLController.m */; };
		5D55A7BA12BB2640004AE0EB /* ASIHTTPRequest+OAuth.m in Sources */ = {isa = PBXBuildFile; fileRef = 5D55A79A12BB2640004AE0EB /* ASIHTTPRequest+OAuth.m */; };
		5D55A7BB12BB2640004AE0EB /* NSArray+SGFeature.m in Sources */ = {isa = PBXBuildFile; fileRef = 5D55A79C12BB2640004AE0EB /* NSArray+SGFeature.m */; };
		5D55A7BC12BB2640004AE0EB /* NSString+URLEncoding.m in Sources */ = {isa = PBXBuildFile; fileRef = 5D55A79E12BB2640004AE0EB /* NSString+URLEncoding.m */; };
		5D55A7BD12BB2640004AE0EB /* SGFeature.m in Sources */ = {isa = PBXBuildFile; fileRef = 5D55A7A112BB2640004AE0EB /* SGFeature.m */; };
		5D55A7BE12BB2640004AE0EB /* SGFeatureCollection.m in Sources */ = {isa = PBXBuildFile; fileRef = 5D55A7A412BB2640004AE0EB /* SGFeatureCollection.m */; };
		5D55A7BF12BB2640004AE0EB /* SGGeometry.m in Sources */ = {isa = PBXBuildFile; fileRef = 5D55A7A712BB2640004AE0EB /* SGGeometry.m */; };
		5D55A7C012BB2640004AE0EB /* SGMultiPolygon.m in Sources */ = {isa = PBXBuildFile; fileRef = 5D55A7AA12BB2640004AE0EB /* SGMultiPolygon.m */; };
		5D55A7C112BB2640004AE0EB /* SGPoint.m in Sources */ = {isa = PBXBuildFile; fileRef = 5D55A7AD12BB2640004AE0EB /* SGPoint.m */; };
		5D55A7C212BB2640004AE0EB /* SGPolygon.m in Sources */ = {isa = PBXBuildFile; fileRef = 5D55A7B012BB2640004AE0EB /* SGPolygon.m */; };
		5D55A7C312BB2640004AE0EB /* SimpleGeo+Context.m in Sources */ = {isa = PBXBuildFile; fileRef = 5D55A7B212BB2640004AE0EB /* SimpleGeo+Context.m */; };
		5D55A7C412BB2640004AE0EB /* SimpleGeo+Internal.m in Sources */ = {isa = PBXBuildFile; fileRef = 5D55A7B412BB2640004AE0EB /* SimpleGeo+Internal.m */; };
		5D55A7C512BB2640004AE0EB /* SimpleGeo+Places.m in Sources */ = {isa = PBXBuildFile; fileRef = 5D55A7B612BB2640004AE0EB /* SimpleGeo+Places.m */; };
		5D55A7C612BB2640004AE0EB /* SimpleGeo.m in Sources */ = {isa = PBXBuildFile; fileRef = 5D55A7B812BB2640004AE0EB /* SimpleGeo.m */; };
		5D55A7C712BB2640004AE0EB /* YAJL.framework in Frameworks */ = {isa = PBXBuildFile; fileRef = 5D55A7B912BB2640004AE0EB /* YAJL.framework */; };
		5D55A7EC12BB26AC004AE0EB /* ASIDataCompressor.m in Sources */ = {isa = PBXBuildFile; fileRef = 5D55A7DC12BB26AC004AE0EB /* ASIDataCompressor.m */; };
		5D55A7ED12BB26AC004AE0EB /* ASIDataDecompressor.m in Sources */ = {isa = PBXBuildFile; fileRef = 5D55A7DE12BB26AC004AE0EB /* ASIDataDecompressor.m */; };
		5D55A7EE12BB26AC004AE0EB /* ASIDownloadCache.m in Sources */ = {isa = PBXBuildFile; fileRef = 5D55A7E012BB26AC004AE0EB /* ASIDownloadCache.m */; };
		5D55A7EF12BB26AC004AE0EB /* ASIFormDataRequest.m in Sources */ = {isa = PBXBuildFile; fileRef = 5D55A7E212BB26AC004AE0EB /* ASIFormDataRequest.m */; };
		5D55A7F012BB26AC004AE0EB /* ASIHTTPRequest.m in Sources */ = {isa = PBXBuildFile; fileRef = 5D55A7E412BB26AC004AE0EB /* ASIHTTPRequest.m */; };
		5D55A7F112BB26AC004AE0EB /* ASIInputStream.m in Sources */ = {isa = PBXBuildFile; fileRef = 5D55A7E812BB26AC004AE0EB /* ASIInputStream.m */; };
		5D55A7F212BB26AC004AE0EB /* ASINetworkQueue.m in Sources */ = {isa = PBXBuildFile; fileRef = 5D55A7EA12BB26AC004AE0EB /* ASINetworkQueue.m */; };
		5D55A82212BB27F1004AE0EB /* Base64Transcoder.c in Sources */ = {isa = PBXBuildFile; fileRef = 5D55A82012BB27F1004AE0EB /* Base64Transcoder.c */; };
		5D55A82912BC02B4004AE0EB /* Reachability.m in Sources */ = {isa = PBXBuildFile; fileRef = 5D55A82812BC02B4004AE0EB /* Reachability.m */; };
		5D55A82C12BC02CD004AE0EB /* ASIAuthenticationDialog.m in Sources */ = {isa = PBXBuildFile; fileRef = 5D55A82B12BC02CD004AE0EB /* ASIAuthenticationDialog.m */; };
		5D55A83012BC02F1004AE0EB /* libz.dylib in Frameworks */ = {isa = PBXBuildFile; fileRef = 5D55A82F12BC02F1004AE0EB /* libz.dylib */; };
		5D55A83812BC0335004AE0EB /* CFNetwork.framework in Frameworks */ = {isa = PBXBuildFile; fileRef = 5D55A83712BC0335004AE0EB /* CFNetwork.framework */; };
		5D55A83A12BC0341004AE0EB /* SystemConfiguration.framework in Frameworks */ = {isa = PBXBuildFile; fileRef = 5D55A83912BC0341004AE0EB /* SystemConfiguration.framework */; };
		5D55A83C12BC034A004AE0EB /* MobileCoreServices.framework in Frameworks */ = {isa = PBXBuildFile; fileRef = 5D55A83B12BC034A004AE0EB /* MobileCoreServices.framework */; };
		5D55A8A412BC310D004AE0EB /* SGController.m in Sources */ = {isa = PBXBuildFile; fileRef = 5D55A8A312BC310D004AE0EB /* SGController.m */; };
		5DAF7F7C12B06F5F0015D272 /* MapKit.framework in Frameworks */ = {isa = PBXBuildFile; fileRef = 5DAF7F7B12B06F5F0015D272 /* MapKit.framework */; };
		5DAF7F9B12B070B20015D272 /* ContextViewController.m in Sources */ = {isa = PBXBuildFile; fileRef = 5DAF7F9A12B070B20015D272 /* ContextViewController.m */; };
		5DAF7FBF12B081220015D272 /* PlacesListViewController.m in Sources */ = {isa = PBXBuildFile; fileRef = 5DAF7FBE12B081220015D272 /* PlacesListViewController.m */; };
		5DAF7FC212B0814C0015D272 /* PlacesMapViewController.m in Sources */ = {isa = PBXBuildFile; fileRef = 5DAF7FC112B0814C0015D272 /* PlacesMapViewController.m */; };
/* End PBXBuildFile section */

/* Begin PBXFileReference section */
		1D30AB110D05D00D00671497 /* Foundation.framework */ = {isa = PBXFileReference; lastKnownFileType = wrapper.framework; name = Foundation.framework; path = System/Library/Frameworks/Foundation.framework; sourceTree = SDKROOT; };
		1D3623240D0F684500981E51 /* SimpleGeoAppDelegate.h */ = {isa = PBXFileReference; fileEncoding = 4; lastKnownFileType = sourcecode.c.h; path = SimpleGeoAppDelegate.h; sourceTree = "<group>"; };
		1D3623250D0F684500981E51 /* SimpleGeoAppDelegate.m */ = {isa = PBXFileReference; fileEncoding = 4; lastKnownFileType = sourcecode.c.objc; path = SimpleGeoAppDelegate.m; sourceTree = "<group>"; };
		1D6058910D05DD3D006BFB54 /* SimpleGeo.app */ = {isa = PBXFileReference; explicitFileType = wrapper.application; includeInIndex = 0; path = SimpleGeo.app; sourceTree = BUILT_PRODUCTS_DIR; };
		1DF5F4DF0D08C38300B7A737 /* UIKit.framework */ = {isa = PBXFileReference; lastKnownFileType = wrapper.framework; name = UIKit.framework; path = System/Library/Frameworks/UIKit.framework; sourceTree = SDKROOT; };
		288765FC0DF74451002DB57D /* CoreGraphics.framework */ = {isa = PBXFileReference; lastKnownFileType = wrapper.framework; name = CoreGraphics.framework; path = System/Library/Frameworks/CoreGraphics.framework; sourceTree = SDKROOT; };
		28AD733E0D9D9553002E5188 /* MainWindow.xib */ = {isa = PBXFileReference; lastKnownFileType = file.xib; path = MainWindow.xib; sourceTree = "<group>"; };
		29B97316FDCFA39411CA2CEA /* main.m */ = {isa = PBXFileReference; fileEncoding = 4; lastKnownFileType = sourcecode.c.objc; path = main.m; sourceTree = "<group>"; };
		32CA4F630368D1EE00C91783 /* SimpleGeo_Prefix.pch */ = {isa = PBXFileReference; fileEncoding = 4; lastKnownFileType = sourcecode.c.h; path = SimpleGeo_Prefix.pch; sourceTree = "<group>"; };
		5D55A61212BA9845004AE0EB /* RootNavigationController.h */ = {isa = PBXFileReference; fileEncoding = 4; lastKnownFileType = sourcecode.c.h; path = RootNavigationController.h; sourceTree = "<group>"; };
		5D55A61312BA9845004AE0EB /* RootNavigationController.m */ = {isa = PBXFileReference; fileEncoding = 4; lastKnownFileType = sourcecode.c.objc; path = RootNavigationController.m; sourceTree = "<group>"; };
		5D55A61512BA9BB1004AE0EB /* PlacesNavigationController.h */ = {isa = PBXFileReference; fileEncoding = 4; lastKnownFileType = sourcecode.c.h; path = PlacesNavigationController.h; sourceTree = "<group>"; };
		5D55A61612BA9BB1004AE0EB /* PlacesNavigationController.m */ = {isa = PBXFileReference; fileEncoding = 4; lastKnownFileType = sourcecode.c.objc; path = PlacesNavigationController.m; sourceTree = "<group>"; };
		5D55A69F12BAD92C004AE0EB /* CoreLocation.framework */ = {isa = PBXFileReference; lastKnownFileType = wrapper.framework; name = CoreLocation.framework; path = System/Library/Frameworks/CoreLocation.framework; sourceTree = SDKROOT; };
		5D55A6C712BAD993004AE0EB /* CLController.h */ = {isa = PBXFileReference; fileEncoding = 4; lastKnownFileType = sourcecode.c.h; path = CLController.h; sourceTree = "<group>"; };
		5D55A6C812BAD993004AE0EB /* CLController.m */ = {isa = PBXFileReference; fileEncoding = 4; lastKnownFileType = sourcecode.c.objc; path = CLController.m; sourceTree = "<group>"; };
		5D55A79912BB2640004AE0EB /* ASIHTTPRequest+OAuth.h */ = {isa = PBXFileReference; fileEncoding = 4; lastKnownFileType = sourcecode.c.h; path = "ASIHTTPRequest+OAuth.h"; sourceTree = "<group>"; };
		5D55A79A12BB2640004AE0EB /* ASIHTTPRequest+OAuth.m */ = {isa = PBXFileReference; fileEncoding = 4; lastKnownFileType = sourcecode.c.objc; path = "ASIHTTPRequest+OAuth.m"; sourceTree = "<group>"; };
		5D55A79B12BB2640004AE0EB /* NSArray+SGFeature.h */ = {isa = PBXFileReference; fileEncoding = 4; lastKnownFileType = sourcecode.c.h; path = "NSArray+SGFeature.h"; sourceTree = "<group>"; };
		5D55A79C12BB2640004AE0EB /* NSArray+SGFeature.m */ = {isa = PBXFileReference; fileEncoding = 4; lastKnownFileType = sourcecode.c.objc; path = "NSArray+SGFeature.m"; sourceTree = "<group>"; };
		5D55A79D12BB2640004AE0EB /* NSString+URLEncoding.h */ = {isa = PBXFileReference; fileEncoding = 4; lastKnownFileType = sourcecode.c.h; path = "NSString+URLEncoding.h"; sourceTree = "<group>"; };
		5D55A79E12BB2640004AE0EB /* NSString+URLEncoding.m */ = {isa = PBXFileReference; fileEncoding = 4; lastKnownFileType = sourcecode.c.objc; path = "NSString+URLEncoding.m"; sourceTree = "<group>"; };
		5D55A79F12BB2640004AE0EB /* SGFeature+Private.h */ = {isa = PBXFileReference; fileEncoding = 4; lastKnownFileType = sourcecode.c.h; path = "SGFeature+Private.h"; sourceTree = "<group>"; };
		5D55A7A012BB2640004AE0EB /* SGFeature.h */ = {isa = PBXFileReference; fileEncoding = 4; lastKnownFileType = sourcecode.c.h; path = SGFeature.h; sourceTree = "<group>"; };
		5D55A7A112BB2640004AE0EB /* SGFeature.m */ = {isa = PBXFileReference; fileEncoding = 4; lastKnownFileType = sourcecode.c.objc; path = SGFeature.m; sourceTree = "<group>"; };
		5D55A7A212BB2640004AE0EB /* SGFeatureCollection+Private.h */ = {isa = PBXFileReference; fileEncoding = 4; lastKnownFileType = sourcecode.c.h; path = "SGFeatureCollection+Private.h"; sourceTree = "<group>"; };
		5D55A7A312BB2640004AE0EB /* SGFeatureCollection.h */ = {isa = PBXFileReference; fileEncoding = 4; lastKnownFileType = sourcecode.c.h; path = SGFeatureCollection.h; sourceTree = "<group>"; };
		5D55A7A412BB2640004AE0EB /* SGFeatureCollection.m */ = {isa = PBXFileReference; fileEncoding = 4; lastKnownFileType = sourcecode.c.objc; path = SGFeatureCollection.m; sourceTree = "<group>"; };
		5D55A7A512BB2640004AE0EB /* SGGeometry+Private.h */ = {isa = PBXFileReference; fileEncoding = 4; lastKnownFileType = sourcecode.c.h; path = "SGGeometry+Private.h"; sourceTree = "<group>"; };
		5D55A7A612BB2640004AE0EB /* SGGeometry.h */ = {isa = PBXFileReference; fileEncoding = 4; lastKnownFileType = sourcecode.c.h; path = SGGeometry.h; sourceTree = "<group>"; };
		5D55A7A712BB2640004AE0EB /* SGGeometry.m */ = {isa = PBXFileReference; fileEncoding = 4; lastKnownFileType = sourcecode.c.objc; path = SGGeometry.m; sourceTree = "<group>"; };
		5D55A7A812BB2640004AE0EB /* SGMultiPolygon+Private.h */ = {isa = PBXFileReference; fileEncoding = 4; lastKnownFileType = sourcecode.c.h; path = "SGMultiPolygon+Private.h"; sourceTree = "<group>"; };
		5D55A7A912BB2640004AE0EB /* SGMultiPolygon.h */ = {isa = PBXFileReference; fileEncoding = 4; lastKnownFileType = sourcecode.c.h; path = SGMultiPolygon.h; sourceTree = "<group>"; };
		5D55A7AA12BB2640004AE0EB /* SGMultiPolygon.m */ = {isa = PBXFileReference; fileEncoding = 4; lastKnownFileType = sourcecode.c.objc; path = SGMultiPolygon.m; sourceTree = "<group>"; };
		5D55A7AB12BB2640004AE0EB /* SGPoint+Private.h */ = {isa = PBXFileReference; fileEncoding = 4; lastKnownFileType = sourcecode.c.h; path = "SGPoint+Private.h"; sourceTree = "<group>"; };
		5D55A7AC12BB2640004AE0EB /* SGPoint.h */ = {isa = PBXFileReference; fileEncoding = 4; lastKnownFileType = sourcecode.c.h; path = SGPoint.h; sourceTree = "<group>"; };
		5D55A7AD12BB2640004AE0EB /* SGPoint.m */ = {isa = PBXFileReference; fileEncoding = 4; lastKnownFileType = sourcecode.c.objc; path = SGPoint.m; sourceTree = "<group>"; };
		5D55A7AE12BB2640004AE0EB /* SGPolygon+Private.h */ = {isa = PBXFileReference; fileEncoding = 4; lastKnownFileType = sourcecode.c.h; path = "SGPolygon+Private.h"; sourceTree = "<group>"; };
		5D55A7AF12BB2640004AE0EB /* SGPolygon.h */ = {isa = PBXFileReference; fileEncoding = 4; lastKnownFileType = sourcecode.c.h; path = SGPolygon.h; sourceTree = "<group>"; };
		5D55A7B012BB2640004AE0EB /* SGPolygon.m */ = {isa = PBXFileReference; fileEncoding = 4; lastKnownFileType = sourcecode.c.objc; path = SGPolygon.m; sourceTree = "<group>"; };
		5D55A7B112BB2640004AE0EB /* SimpleGeo+Context.h */ = {isa = PBXFileReference; fileEncoding = 4; lastKnownFileType = sourcecode.c.h; path = "SimpleGeo+Context.h"; sourceTree = "<group>"; };
		5D55A7B212BB2640004AE0EB /* SimpleGeo+Context.m */ = {isa = PBXFileReference; fileEncoding = 4; lastKnownFileType = sourcecode.c.objc; path = "SimpleGeo+Context.m"; sourceTree = "<group>"; };
		5D55A7B312BB2640004AE0EB /* SimpleGeo+Internal.h */ = {isa = PBXFileReference; fileEncoding = 4; lastKnownFileType = sourcecode.c.h; path = "SimpleGeo+Internal.h"; sourceTree = "<group>"; };
		5D55A7B412BB2640004AE0EB /* SimpleGeo+Internal.m */ = {isa = PBXFileReference; fileEncoding = 4; lastKnownFileType = sourcecode.c.objc; path = "SimpleGeo+Internal.m"; sourceTree = "<group>"; };
		5D55A7B512BB2640004AE0EB /* SimpleGeo+Places.h */ = {isa = PBXFileReference; fileEncoding = 4; lastKnownFileType = sourcecode.c.h; path = "SimpleGeo+Places.h"; sourceTree = "<group>"; };
		5D55A7B612BB2640004AE0EB /* SimpleGeo+Places.m */ = {isa = PBXFileReference; fileEncoding = 4; lastKnownFileType = sourcecode.c.objc; path = "SimpleGeo+Places.m"; sourceTree = "<group>"; };
		5D55A7B712BB2640004AE0EB /* SimpleGeo.h */ = {isa = PBXFileReference; fileEncoding = 4; lastKnownFileType = sourcecode.c.h; path = SimpleGeo.h; sourceTree = "<group>"; };
		5D55A7B812BB2640004AE0EB /* SimpleGeo.m */ = {isa = PBXFileReference; fileEncoding = 4; lastKnownFileType = sourcecode.c.objc; path = SimpleGeo.m; sourceTree = "<group>"; };
		5D55A7B912BB2640004AE0EB /* YAJL.framework */ = {isa = PBXFileReference; lastKnownFileType = wrapper.framework; path = YAJL.framework; sourceTree = "<group>"; };
		5D55A7DA12BB26AC004AE0EB /* ASICacheDelegate.h */ = {isa = PBXFileReference; fileEncoding = 4; lastKnownFileType = sourcecode.c.h; path = ASICacheDelegate.h; sourceTree = "<group>"; };
		5D55A7DB12BB26AC004AE0EB /* ASIDataCompressor.h */ = {isa = PBXFileReference; fileEncoding = 4; lastKnownFileType = sourcecode.c.h; path = ASIDataCompressor.h; sourceTree = "<group>"; };
		5D55A7DC12BB26AC004AE0EB /* ASIDataCompressor.m */ = {isa = PBXFileReference; fileEncoding = 4; lastKnownFileType = sourcecode.c.objc; path = ASIDataCompressor.m; sourceTree = "<group>"; };
		5D55A7DD12BB26AC004AE0EB /* ASIDataDecompressor.h */ = {isa = PBXFileReference; fileEncoding = 4; lastKnownFileType = sourcecode.c.h; path = ASIDataDecompressor.h; sourceTree = "<group>"; };
		5D55A7DE12BB26AC004AE0EB /* ASIDataDecompressor.m */ = {isa = PBXFileReference; fileEncoding = 4; lastKnownFileType = sourcecode.c.objc; path = ASIDataDecompressor.m; sourceTree = "<group>"; };
		5D55A7DF12BB26AC004AE0EB /* ASIDownloadCache.h */ = {isa = PBXFileReference; fileEncoding = 4; lastKnownFileType = sourcecode.c.h; path = ASIDownloadCache.h; sourceTree = "<group>"; };
		5D55A7E012BB26AC004AE0EB /* ASIDownloadCache.m */ = {isa = PBXFileReference; fileEncoding = 4; lastKnownFileType = sourcecode.c.objc; path = ASIDownloadCache.m; sourceTree = "<group>"; };
		5D55A7E112BB26AC004AE0EB /* ASIFormDataRequest.h */ = {isa = PBXFileReference; fileEncoding = 4; lastKnownFileType = sourcecode.c.h; path = ASIFormDataRequest.h; sourceTree = "<group>"; };
		5D55A7E212BB26AC004AE0EB /* ASIFormDataRequest.m */ = {isa = PBXFileReference; fileEncoding = 4; lastKnownFileType = sourcecode.c.objc; path = ASIFormDataRequest.m; sourceTree = "<group>"; };
		5D55A7E312BB26AC004AE0EB /* ASIHTTPRequest.h */ = {isa = PBXFileReference; fileEncoding = 4; lastKnownFileType = sourcecode.c.h; path = ASIHTTPRequest.h; sourceTree = "<group>"; };
		5D55A7E412BB26AC004AE0EB /* ASIHTTPRequest.m */ = {isa = PBXFileReference; fileEncoding = 4; lastKnownFileType = sourcecode.c.objc; path = ASIHTTPRequest.m; sourceTree = "<group>"; };
		5D55A7E512BB26AC004AE0EB /* ASIHTTPRequestConfig.h */ = {isa = PBXFileReference; fileEncoding = 4; lastKnownFileType = sourcecode.c.h; path = ASIHTTPRequestConfig.h; sourceTree = "<group>"; };
		5D55A7E612BB26AC004AE0EB /* ASIHTTPRequestDelegate.h */ = {isa = PBXFileReference; fileEncoding = 4; lastKnownFileType = sourcecode.c.h; path = ASIHTTPRequestDelegate.h; sourceTree = "<group>"; };
		5D55A7E712BB26AC004AE0EB /* ASIInputStream.h */ = {isa = PBXFileReference; fileEncoding = 4; lastKnownFileType = sourcecode.c.h; path = ASIInputStream.h; sourceTree = "<group>"; };
		5D55A7E812BB26AC004AE0EB /* ASIInputStream.m */ = {isa = PBXFileReference; fileEncoding = 4; lastKnownFileType = sourcecode.c.objc; path = ASIInputStream.m; sourceTree = "<group>"; };
		5D55A7E912BB26AC004AE0EB /* ASINetworkQueue.h */ = {isa = PBXFileReference; fileEncoding = 4; lastKnownFileType = sourcecode.c.h; path = ASINetworkQueue.h; sourceTree = "<group>"; };
		5D55A7EA12BB26AC004AE0EB /* ASINetworkQueue.m */ = {isa = PBXFileReference; fileEncoding = 4; lastKnownFileType = sourcecode.c.objc; path = ASINetworkQueue.m; sourceTree = "<group>"; };
		5D55A7EB12BB26AC004AE0EB /* ASIProgressDelegate.h */ = {isa = PBXFileReference; fileEncoding = 4; lastKnownFileType = sourcecode.c.h; path = ASIProgressDelegate.h; sourceTree = "<group>"; };
		5D55A82012BB27F1004AE0EB /* Base64Transcoder.c */ = {isa = PBXFileReference; fileEncoding = 4; lastKnownFileType = sourcecode.c.c; path = Base64Transcoder.c; sourceTree = "<group>"; };
		5D55A82112BB27F1004AE0EB /* Base64Transcoder.h */ = {isa = PBXFileReference; fileEncoding = 4; lastKnownFileType = sourcecode.c.h; path = Base64Transcoder.h; sourceTree = "<group>"; };
		5D55A82712BC02B4004AE0EB /* Reachability.h */ = {isa = PBXFileReference; fileEncoding = 4; lastKnownFileType = sourcecode.c.h; path = Reachability.h; sourceTree = "<group>"; };
		5D55A82812BC02B4004AE0EB /* Reachability.m */ = {isa = PBXFileReference; fileEncoding = 4; lastKnownFileType = sourcecode.c.objc; path = Reachability.m; sourceTree = "<group>"; };
		5D55A82A12BC02CD004AE0EB /* ASIAuthenticationDialog.h */ = {isa = PBXFileReference; fileEncoding = 4; lastKnownFileType = sourcecode.c.h; path = ASIAuthenticationDialog.h; sourceTree = "<group>"; };
		5D55A82B12BC02CD004AE0EB /* ASIAuthenticationDialog.m */ = {isa = PBXFileReference; fileEncoding = 4; lastKnownFileType = sourcecode.c.objc; path = ASIAuthenticationDialog.m; sourceTree = "<group>"; };
		5D55A82F12BC02F1004AE0EB /* libz.dylib */ = {isa = PBXFileReference; lastKnownFileType = "compiled.mach-o.dylib"; name = libz.dylib; path = usr/lib/libz.dylib; sourceTree = SDKROOT; };
		5D55A83712BC0335004AE0EB /* CFNetwork.framework */ = {isa = PBXFileReference; lastKnownFileType = wrapper.framework; name = CFNetwork.framework; path = System/Library/Frameworks/CFNetwork.framework; sourceTree = SDKROOT; };
		5D55A83912BC0341004AE0EB /* SystemConfiguration.framework */ = {isa = PBXFileReference; lastKnownFileType = wrapper.framework; name = SystemConfiguration.framework; path = System/Library/Frameworks/SystemConfiguration.framework; sourceTree = SDKROOT; };
		5D55A83B12BC034A004AE0EB /* MobileCoreServices.framework */ = {isa = PBXFileReference; lastKnownFileType = wrapper.framework; name = MobileCoreServices.framework; path = System/Library/Frameworks/MobileCoreServices.framework; sourceTree = SDKROOT; };
		5D55A8A212BC310D004AE0EB /* SGController.h */ = {isa = PBXFileReference; fileEncoding = 4; lastKnownFileType = sourcecode.c.h; path = SGController.h; sourceTree = "<group>"; };
		5D55A8A312BC310D004AE0EB /* SGController.m */ = {isa = PBXFileReference; fileEncoding = 4; lastKnownFileType = sourcecode.c.objc; path = SGController.m; sourceTree = "<group>"; };
		5DAF7F7B12B06F5F0015D272 /* MapKit.framework */ = {isa = PBXFileReference; lastKnownFileType = wrapper.framework; name = MapKit.framework; path = System/Library/Frameworks/MapKit.framework; sourceTree = SDKROOT; };
		5DAF7F9912B070B20015D272 /* ContextViewController.h */ = {isa = PBXFileReference; fileEncoding = 4; lastKnownFileType = sourcecode.c.h; path = ContextViewController.h; sourceTree = "<group>"; };
		5DAF7F9A12B070B20015D272 /* ContextViewController.m */ = {isa = PBXFileReference; fileEncoding = 4; lastKnownFileType = sourcecode.c.objc; path = ContextViewController.m; sourceTree = "<group>"; };
		5DAF7FBD12B081220015D272 /* PlacesListViewController.h */ = {isa = PBXFileReference; fileEncoding = 4; lastKnownFileType = sourcecode.c.h; path = PlacesListViewController.h; sourceTree = "<group>"; };
		5DAF7FBE12B081220015D272 /* PlacesListViewController.m */ = {isa = PBXFileReference; fileEncoding = 4; lastKnownFileType = sourcecode.c.objc; path = PlacesListViewController.m; sourceTree = "<group>"; };
		5DAF7FC012B0814C0015D272 /* PlacesMapViewController.h */ = {isa = PBXFileReference; fileEncoding = 4; lastKnownFileType = sourcecode.c.h; path = PlacesMapViewController.h; sourceTree = "<group>"; };
		5DAF7FC112B0814C0015D272 /* PlacesMapViewController.m */ = {isa = PBXFileReference; fileEncoding = 4; lastKnownFileType = sourcecode.c.objc; path = PlacesMapViewController.m; sourceTree = "<group>"; };
		8D1107310486CEB800E47090 /* SimpleGeo-Info.plist */ = {isa = PBXFileReference; fileEncoding = 4; lastKnownFileType = text.plist.xml; path = "SimpleGeo-Info.plist"; plistStructureDefinitionIdentifier = "com.apple.xcode.plist.structure-definition.iphone.info-plist"; sourceTree = "<group>"; };
/* End PBXFileReference section */

/* Begin PBXFrameworksBuildPhase section */
		1D60588F0D05DD3D006BFB54 /* Frameworks */ = {
			isa = PBXFrameworksBuildPhase;
			buildActionMask = 2147483647;
			files = (
				1D60589F0D05DD5A006BFB54 /* Foundation.framework in Frameworks */,
				1DF5F4E00D08C38300B7A737 /* UIKit.framework in Frameworks */,
				288765FD0DF74451002DB57D /* CoreGraphics.framework in Frameworks */,
				5DAF7F7C12B06F5F0015D272 /* MapKit.framework in Frameworks */,
				5D55A6A012BAD92C004AE0EB /* CoreLocation.framework in Frameworks */,
				5D55A7C712BB2640004AE0EB /* YAJL.framework in Frameworks */,
				5D55A83012BC02F1004AE0EB /* libz.dylib in Frameworks */,
				5D55A83812BC0335004AE0EB /* CFNetwork.framework in Frameworks */,
				5D55A83A12BC0341004AE0EB /* SystemConfiguration.framework in Frameworks */,
				5D55A83C12BC034A004AE0EB /* MobileCoreServices.framework in Frameworks */,
			);
			runOnlyForDeploymentPostprocessing = 0;
		};
/* End PBXFrameworksBuildPhase section */

/* Begin PBXGroup section */
		080E96DDFE201D6D7F000001 /* Classes */ = {
			isa = PBXGroup;
			children = (
				1D3623240D0F684500981E51 /* SimpleGeoAppDelegate.h */,
				1D3623250D0F684500981E51 /* SimpleGeoAppDelegate.m */,
				5DAF7F9912B070B20015D272 /* ContextViewController.h */,
				5DAF7F9A12B070B20015D272 /* ContextViewController.m */,
				5DAF7FC012B0814C0015D272 /* PlacesMapViewController.h */,
				5DAF7FC112B0814C0015D272 /* PlacesMapViewController.m */,
				5DAF7FBD12B081220015D272 /* PlacesListViewController.h */,
				5DAF7FBE12B081220015D272 /* PlacesListViewController.m */,
				5D55A61212BA9845004AE0EB /* RootNavigationController.h */,
				5D55A61312BA9845004AE0EB /* RootNavigationController.m */,
				5D55A61512BA9BB1004AE0EB /* PlacesNavigationController.h */,
				5D55A61612BA9BB1004AE0EB /* PlacesNavigationController.m */,
				5D55A6C712BAD993004AE0EB /* CLController.h */,
				5D55A6C812BAD993004AE0EB /* CLController.m */,
				5D55A8A212BC310D004AE0EB /* SGController.h */,
				5D55A8A312BC310D004AE0EB /* SGController.m */,
			);
			path = Classes;
			sourceTree = "<group>";
		};
		19C28FACFE9D520D11CA2CBB /* Products */ = {
			isa = PBXGroup;
			children = (
				1D6058910D05DD3D006BFB54 /* SimpleGeo.app */,
			);
			name = Products;
			sourceTree = "<group>";
		};
		29B97314FDCFA39411CA2CEA /* CustomTemplate */ = {
			isa = PBXGroup;
			children = (
				080E96DDFE201D6D7F000001 /* Classes */,
				29B97315FDCFA39411CA2CEA /* Other Sources */,
				29B97317FDCFA39411CA2CEA /* Resources */,
				5D55A79712BB2640004AE0EB /* ext */,
				29B97323FDCFA39411CA2CEA /* Frameworks */,
				19C28FACFE9D520D11CA2CBB /* Products */,
			);
			name = CustomTemplate;
			sourceTree = "<group>";
		};
		29B97315FDCFA39411CA2CEA /* Other Sources */ = {
			isa = PBXGroup;
			children = (
				32CA4F630368D1EE00C91783 /* SimpleGeo_Prefix.pch */,
				29B97316FDCFA39411CA2CEA /* main.m */,
			);
			name = "Other Sources";
			sourceTree = "<group>";
		};
		29B97317FDCFA39411CA2CEA /* Resources */ = {
			isa = PBXGroup;
			children = (
				28AD733E0D9D9553002E5188 /* MainWindow.xib */,
				8D1107310486CEB800E47090 /* SimpleGeo-Info.plist */,
			);
			name = Resources;
			sourceTree = "<group>";
		};
		29B97323FDCFA39411CA2CEA /* Frameworks */ = {
			isa = PBXGroup;
			children = (
				1DF5F4DF0D08C38300B7A737 /* UIKit.framework */,
				1D30AB110D05D00D00671497 /* Foundation.framework */,
				288765FC0DF74451002DB57D /* CoreGraphics.framework */,
				5DAF7F7B12B06F5F0015D272 /* MapKit.framework */,
				5D55A69F12BAD92C004AE0EB /* CoreLocation.framework */,
				5D55A82F12BC02F1004AE0EB /* libz.dylib */,
				5D55A83712BC0335004AE0EB /* CFNetwork.framework */,
				5D55A83B12BC034A004AE0EB /* MobileCoreServices.framework */,
				5D55A83912BC0341004AE0EB /* SystemConfiguration.framework */,
			);
			name = Frameworks;
			sourceTree = "<group>";
		};
		5D55A79712BB2640004AE0EB /* ext */ = {
			isa = PBXGroup;
			children = (
				5D55A7D912BB26AC004AE0EB /* asi-http-request */,
				5D55A82612BC02B4004AE0EB /* Reachability */,
				5D55A79812BB2640004AE0EB /* SimpleGeo */,
				5D55A81F12BB27F1004AE0EB /* TouchFoundation */,
				5D55A7B912BB2640004AE0EB /* YAJL.framework */,
			);
			path = ext;
			sourceTree = "<group>";
		};
		5D55A79812BB2640004AE0EB /* SimpleGeo */ = {
			isa = PBXGroup;
			children = (
				5D55A79912BB2640004AE0EB /* ASIHTTPRequest+OAuth.h */,
				5D55A79A12BB2640004AE0EB /* ASIHTTPRequest+OAuth.m */,
				5D55A79B12BB2640004AE0EB /* NSArray+SGFeature.h */,
				5D55A79C12BB2640004AE0EB /* NSArray+SGFeature.m */,
				5D55A79D12BB2640004AE0EB /* NSString+URLEncoding.h */,
				5D55A79E12BB2640004AE0EB /* NSString+URLEncoding.m */,
				5D55A79F12BB2640004AE0EB /* SGFeature+Private.h */,
				5D55A7A012BB2640004AE0EB /* SGFeature.h */,
				5D55A7A112BB2640004AE0EB /* SGFeature.m */,
				5D55A7A212BB2640004AE0EB /* SGFeatureCollection+Private.h */,
				5D55A7A312BB2640004AE0EB /* SGFeatureCollection.h */,
				5D55A7A412BB2640004AE0EB /* SGFeatureCollection.m */,
				5D55A7A512BB2640004AE0EB /* SGGeometry+Private.h */,
				5D55A7A612BB2640004AE0EB /* SGGeometry.h */,
				5D55A7A712BB2640004AE0EB /* SGGeometry.m */,
				5D55A7A812BB2640004AE0EB /* SGMultiPolygon+Private.h */,
				5D55A7A912BB2640004AE0EB /* SGMultiPolygon.h */,
				5D55A7AA12BB2640004AE0EB /* SGMultiPolygon.m */,
				5D55A7AB12BB2640004AE0EB /* SGPoint+Private.h */,
				5D55A7AC12BB2640004AE0EB /* SGPoint.h */,
				5D55A7AD12BB2640004AE0EB /* SGPoint.m */,
				5D55A7AE12BB2640004AE0EB /* SGPolygon+Private.h */,
				5D55A7AF12BB2640004AE0EB /* SGPolygon.h */,
				5D55A7B012BB2640004AE0EB /* SGPolygon.m */,
				5D55A7B112BB2640004AE0EB /* SimpleGeo+Context.h */,
				5D55A7B212BB2640004AE0EB /* SimpleGeo+Context.m */,
				5D55A7B312BB2640004AE0EB /* SimpleGeo+Internal.h */,
				5D55A7B412BB2640004AE0EB /* SimpleGeo+Internal.m */,
				5D55A7B512BB2640004AE0EB /* SimpleGeo+Places.h */,
				5D55A7B612BB2640004AE0EB /* SimpleGeo+Places.m */,
				5D55A7B712BB2640004AE0EB /* SimpleGeo.h */,
				5D55A7B812BB2640004AE0EB /* SimpleGeo.m */,
			);
			path = SimpleGeo;
			sourceTree = "<group>";
		};
		5D55A7D912BB26AC004AE0EB /* asi-http-request */ = {
			isa = PBXGroup;
			children = (
				5D55A82A12BC02CD004AE0EB /* ASIAuthenticationDialog.h */,
				5D55A82B12BC02CD004AE0EB /* ASIAuthenticationDialog.m */,
				5D55A7DA12BB26AC004AE0EB /* ASICacheDelegate.h */,
				5D55A7DB12BB26AC004AE0EB /* ASIDataCompressor.h */,
				5D55A7DC12BB26AC004AE0EB /* ASIDataCompressor.m */,
				5D55A7DD12BB26AC004AE0EB /* ASIDataDecompressor.h */,
				5D55A7DE12BB26AC004AE0EB /* ASIDataDecompressor.m */,
				5D55A7DF12BB26AC004AE0EB /* ASIDownloadCache.h */,
				5D55A7E012BB26AC004AE0EB /* ASIDownloadCache.m */,
				5D55A7E112BB26AC004AE0EB /* ASIFormDataRequest.h */,
				5D55A7E212BB26AC004AE0EB /* ASIFormDataRequest.m */,
				5D55A7E312BB26AC004AE0EB /* ASIHTTPRequest.h */,
				5D55A7E412BB26AC004AE0EB /* ASIHTTPRequest.m */,
				5D55A7E512BB26AC004AE0EB /* ASIHTTPRequestConfig.h */,
				5D55A7E612BB26AC004AE0EB /* ASIHTTPRequestDelegate.h */,
				5D55A7E712BB26AC004AE0EB /* ASIInputStream.h */,
				5D55A7E812BB26AC004AE0EB /* ASIInputStream.m */,
				5D55A7E912BB26AC004AE0EB /* ASINetworkQueue.h */,
				5D55A7EA12BB26AC004AE0EB /* ASINetworkQueue.m */,
				5D55A7EB12BB26AC004AE0EB /* ASIProgressDelegate.h */,
			);
			path = "asi-http-request";
			sourceTree = "<group>";
		};
		5D55A81F12BB27F1004AE0EB /* TouchFoundation */ = {
			isa = PBXGroup;
			children = (
				5D55A82012BB27F1004AE0EB /* Base64Transcoder.c */,
				5D55A82112BB27F1004AE0EB /* Base64Transcoder.h */,
			);
			path = TouchFoundation;
			sourceTree = "<group>";
		};
		5D55A82612BC02B4004AE0EB /* Reachability */ = {
			isa = PBXGroup;
			children = (
				5D55A82712BC02B4004AE0EB /* Reachability.h */,
				5D55A82812BC02B4004AE0EB /* Reachability.m */,
			);
			path = Reachability;
			sourceTree = "<group>";
		};
/* End PBXGroup section */

/* Begin PBXNativeTarget section */
		1D6058900D05DD3D006BFB54 /* SimpleGeo */ = {
			isa = PBXNativeTarget;
			buildConfigurationList = 1D6058960D05DD3E006BFB54 /* Build configuration list for PBXNativeTarget "SimpleGeo" */;
			buildPhases = (
				1D60588D0D05DD3D006BFB54 /* Resources */,
				1D60588E0D05DD3D006BFB54 /* Sources */,
				1D60588F0D05DD3D006BFB54 /* Frameworks */,
			);
			buildRules = (
			);
			dependencies = (
			);
			name = SimpleGeo;
			productName = SimpleGeo;
			productReference = 1D6058910D05DD3D006BFB54 /* SimpleGeo.app */;
			productType = "com.apple.product-type.application";
		};
/* End PBXNativeTarget section */

/* Begin PBXProject section */
		29B97313FDCFA39411CA2CEA /* Project object */ = {
			isa = PBXProject;
			buildConfigurationList = C01FCF4E08A954540054247B /* Build configuration list for PBXProject "SimpleGeo" */;
			compatibilityVersion = "Xcode 3.1";
			developmentRegion = English;
			hasScannedForEncodings = 1;
			knownRegions = (
				English,
				Japanese,
				French,
				German,
			);
			mainGroup = 29B97314FDCFA39411CA2CEA /* CustomTemplate */;
			projectDirPath = "";
			projectRoot = "";
			targets = (
				1D6058900D05DD3D006BFB54 /* SimpleGeo */,
			);
		};
/* End PBXProject section */

/* Begin PBXResourcesBuildPhase section */
		1D60588D0D05DD3D006BFB54 /* Resources */ = {
			isa = PBXResourcesBuildPhase;
			buildActionMask = 2147483647;
			files = (
				28AD733F0D9D9553002E5188 /* MainWindow.xib in Resources */,
			);
			runOnlyForDeploymentPostprocessing = 0;
		};
/* End PBXResourcesBuildPhase section */

/* Begin PBXSourcesBuildPhase section */
		1D60588E0D05DD3D006BFB54 /* Sources */ = {
			isa = PBXSourcesBuildPhase;
			buildActionMask = 2147483647;
			files = (
				1D60589B0D05DD56006BFB54 /* main.m in Sources */,
				1D3623260D0F684500981E51 /* SimpleGeoAppDelegate.m in Sources */,
				5DAF7F9B12B070B20015D272 /* ContextViewController.m in Sources */,
				5DAF7FBF12B081220015D272 /* PlacesListViewController.m in Sources */,
				5DAF7FC212B0814C0015D272 /* PlacesMapViewController.m in Sources */,
				5D55A61412BA9845004AE0EB /* RootNavigationController.m in Sources */,
				5D55A61712BA9BB1004AE0EB /* PlacesNavigationController.m in Sources */,
				5D55A6C912BAD993004AE0EB /* CLController.m in Sources */,
				5D55A7BA12BB2640004AE0EB /* ASIHTTPRequest+OAuth.m in Sources */,
				5D55A7BB12BB2640004AE0EB /* NSArray+SGFeature.m in Sources */,
				5D55A7BC12BB2640004AE0EB /* NSString+URLEncoding.m in Sources */,
				5D55A7BD12BB2640004AE0EB /* SGFeature.m in Sources */,
				5D55A7BE12BB2640004AE0EB /* SGFeatureCollection.m in Sources */,
				5D55A7BF12BB2640004AE0EB /* SGGeometry.m in Sources */,
				5D55A7C012BB2640004AE0EB /* SGMultiPolygon.m in Sources */,
				5D55A7C112BB2640004AE0EB /* SGPoint.m in Sources */,
				5D55A7C212BB2640004AE0EB /* SGPolygon.m in Sources */,
				5D55A7C312BB2640004AE0EB /* SimpleGeo+Context.m in Sources */,
				5D55A7C412BB2640004AE0EB /* SimpleGeo+Internal.m in Sources */,
				5D55A7C512BB2640004AE0EB /* SimpleGeo+Places.m in Sources */,
				5D55A7C612BB2640004AE0EB /* SimpleGeo.m in Sources */,
				5D55A7EC12BB26AC004AE0EB /* ASIDataCompressor.m in Sources */,
				5D55A7ED12BB26AC004AE0EB /* ASIDataDecompressor.m in Sources */,
				5D55A7EE12BB26AC004AE0EB /* ASIDownloadCache.m in Sources */,
				5D55A7EF12BB26AC004AE0EB /* ASIFormDataRequest.m in Sources */,
				5D55A7F012BB26AC004AE0EB /* ASIHTTPRequest.m in Sources */,
				5D55A7F112BB26AC004AE0EB /* ASIInputStream.m in Sources */,
				5D55A7F212BB26AC004AE0EB /* ASINetworkQueue.m in Sources */,
				5D55A82212BB27F1004AE0EB /* Base64Transcoder.c in Sources */,
				5D55A82912BC02B4004AE0EB /* Reachability.m in Sources */,
				5D55A82C12BC02CD004AE0EB /* ASIAuthenticationDialog.m in Sources */,
				5D55A8A412BC310D004AE0EB /* SGController.m in Sources */,
			);
			runOnlyForDeploymentPostprocessing = 0;
		};
/* End PBXSourcesBuildPhase section */

/* Begin XCBuildConfiguration section */
		1D6058940D05DD3E006BFB54 /* Debug */ = {
			isa = XCBuildConfiguration;
			buildSettings = {
				ALWAYS_SEARCH_USER_PATHS = NO;
				COPY_PHASE_STRIP = NO;
				FRAMEWORK_SEARCH_PATHS = (
					"$(inherited)",
					"\"$(SRCROOT)/ext\"",
				);
				GCC_DYNAMIC_NO_PIC = NO;
				GCC_OPTIMIZATION_LEVEL = 0;
				GCC_PRECOMPILE_PREFIX_HEADER = YES;
				GCC_PREFIX_HEADER = SimpleGeo_Prefix.pch;
				INFOPLIST_FILE = "SimpleGeo-Info.plist";
				OTHER_LDFLAGS = (
					"-ObjC",
					"-all_load",
				);
				PRODUCT_NAME = SimpleGeo;
			};
			name = Debug;
		};
		1D6058950D05DD3E006BFB54 /* Release */ = {
			isa = XCBuildConfiguration;
			buildSettings = {
				ALWAYS_SEARCH_USER_PATHS = NO;
				COPY_PHASE_STRIP = YES;
				FRAMEWORK_SEARCH_PATHS = (
					"$(inherited)",
					"\"$(SRCROOT)/ext\"",
				);
				GCC_PRECOMPILE_PREFIX_HEADER = YES;
				GCC_PREFIX_HEADER = SimpleGeo_Prefix.pch;
				INFOPLIST_FILE = "SimpleGeo-Info.plist";
				OTHER_LDFLAGS = (
					"-ObjC",
					"-all_load",
				);
				PRODUCT_NAME = SimpleGeo;
				VALIDATE_PRODUCT = YES;
			};
			name = Release;
		};
		C01FCF4F08A954540054247B /* Debug */ = {
			isa = XCBuildConfiguration;
			buildSettings = {
				ARCHS = "$(ARCHS_STANDARD_32_BIT)";
				"CODE_SIGN_IDENTITY[sdk=iphoneos*]" = "iPhone Developer";
				GCC_C_LANGUAGE_STANDARD = c99;
				GCC_WARN_ABOUT_RETURN_TYPE = YES;
				GCC_WARN_UNUSED_VARIABLE = YES;
				PREBINDING = NO;
				SDKROOT = iphoneos;
			};
			name = Debug;
		};
		C01FCF5008A954540054247B /* Release */ = {
			isa = XCBuildConfiguration;
			buildSettings = {
				ARCHS = "$(ARCHS_STANDARD_32_BIT)";
				"CODE_SIGN_IDENTITY[sdk=iphoneos*]" = "iPhone Developer";
				GCC_C_LANGUAGE_STANDARD = c99;
				GCC_WARN_ABOUT_RETURN_TYPE = YES;
				GCC_WARN_UNUSED_VARIABLE = YES;
				OTHER_CFLAGS = "-DNS_BLOCK_ASSERTIONS=1";
				PREBINDING = NO;
				SDKROOT = iphoneos;
			};
			name = Release;
		};
/* End XCBuildConfiguration section */

/* Begin XCConfigurationList section */
		1D6058960D05DD3E006BFB54 /* Build configuration list for PBXNativeTarget "SimpleGeo" */ = {
			isa = XCConfigurationList;
			buildConfigurations = (
				1D6058940D05DD3E006BFB54 /* Debug */,
				1D6058950D05DD3E006BFB54 /* Release */,
			);
			defaultConfigurationIsVisible = 0;
			defaultConfigurationName = Release;
		};
		C01FCF4E08A954540054247B /* Build configuration list for PBXProject "SimpleGeo" */ = {
			isa = XCConfigurationList;
			buildConfigurations = (
				C01FCF4F08A954540054247B /* Debug */,
				C01FCF5008A954540054247B /* Release */,
			);
			defaultConfigurationIsVisible = 0;
			defaultConfigurationName = Release;
		};
/* End XCConfigurationList section */
	};
	rootObject = 29B97313FDCFA39411CA2CEA /* Project object */;
}
